
Microsoft Visual Studio Solution File, Format Version 12.00
# Visual Studio 15
Project("{FAE04EC0-301F-11D3-BF4B-00C04F79EFBC}") = "Assembly-CSharp", "Assembly-CSharp.csproj", "{3B164DF8-6D0A-3CD2-5C62-1A7B711733A5}"
EndProject
Project("{FAE04EC0-301F-11D3-BF4B-00C04F79EFBC}") = "Assembly-CSharp-Editor", "Assembly-CSharp-Editor.csproj", "{60793E80-C46B-E3DA-2968-971C202A7AAF}"
EndProject
Global
	GlobalSection(SolutionConfigurationPlatforms) = preSolution
		Debug|Any CPU = Debug|Any CPU
		Release|Any CPU = Release|Any CPU
	EndGlobalSection
	GlobalSection(ProjectConfigurationPlatforms) = postSolution
		{3B164DF8-6D0A-3CD2-5C62-1A7B711733A5}.Debug|Any CPU.ActiveCfg = Debug|Any CPU
		{3B164DF8-6D0A-3CD2-5C62-1A7B711733A5}.Debug|Any CPU.Build.0 = Debug|Any CPU
		{3B164DF8-6D0A-3CD2-5C62-1A7B711733A5}.Release|Any CPU.ActiveCfg = Release|Any CPU
		{3B164DF8-6D0A-3CD2-5C62-1A7B711733A5}.Release|Any CPU.Build.0 = Release|Any CPU
		{60793E80-C46B-E3DA-2968-971C202A7AAF}.Debug|Any CPU.ActiveCfg = Debug|Any CPU
		{60793E80-C46B-E3DA-2968-971C202A7AAF}.Debug|Any CPU.Build.0 = Debug|Any CPU
		{60793E80-C46B-E3DA-2968-971C202A7AAF}.Release|Any CPU.ActiveCfg = Release|Any CPU
		{60793E80-C46B-E3DA-2968-971C202A7AAF}.Release|Any CPU.Build.0 = Release|Any CPU
	EndGlobalSection
	GlobalSection(SolutionProperties) = preSolution
		HideSolutionNode = FALSE
	EndGlobalSection
EndGlobal
